
Microsoft Visual Studio Solution File, Format Version 12.00
# Visual Studio Version 16
VisualStudioVersion = 16.0.30320.27
MinimumVisualStudioVersion = 10.0.40219.1
Project("{FAE04EC0-301F-11D3-BF4B-00C04F79EFBC}") = "ConsoleAppTestDeserialize", "ConsoleAppTestDeserialize\ConsoleAppTestDeserialize.csproj", "{63CAACAD-C25C-40E0-8FD7-86D6A5CAA3A1}"
EndProject
Global
	GlobalSection(SolutionConfigurationPlatforms) = preSolution
		Debug|Any CPU = Debug|Any CPU
		Release|Any CPU = Release|Any CPU
	EndGlobalSection
	GlobalSection(ProjectConfigurationPlatforms) = postSolution
		{63CAACAD-C25C-40E0-8FD7-86D6A5CAA3A1}.Debug|Any CPU.ActiveCfg = Debug|Any CPU
		{63CAACAD-C25C-40E0-8FD7-86D6A5CAA3A1}.Debug|Any CPU.Build.0 = Debug|Any CPU
		{63CAACAD-C25C-40E0-8FD7-86D6A5CAA3A1}.Release|Any CPU.ActiveCfg = Release|Any CPU
		{63CAACAD-C25C-40E0-8FD7-86D6A5CAA3A1}.Release|Any CPU.Build.0 = Release|Any CPU
	EndGlobalSection
	GlobalSection(SolutionProperties) = preSolution
		HideSolutionNode = FALSE
	EndGlobalSection
	GlobalSection(ExtensibilityGlobals) = postSolution
		SolutionGuid = {5D46D2C1-F80C-474B-A79C-8B62105C9A4C}
	EndGlobalSection
EndGlobal
